
Microsoft Visual Studio Solution File, Format Version 12.00
# Visual Studio Version 17
VisualStudioVersion = 17.13.35806.99 d17.13
MinimumVisualStudioVersion = 10.0.40219.1
Project("{FAE04EC0-301F-11D3-BF4B-00C04F79EFBC}") = "Иследование методов сортировок", "Иследование методов сортировок\Иследование методов сортировок.csproj", "{BABB286D-DC2C-4A03-9E69-D9E4046FFE82}"
EndProject
Global
	GlobalSection(SolutionConfigurationPlatforms) = preSolution
		Debug|Any CPU = Debug|Any CPU
		Release|Any CPU = Release|Any CPU
	EndGlobalSection
	GlobalSection(ProjectConfigurationPlatforms) = postSolution
		{BABB286D-DC2C-4A03-9E69-D9E4046FFE82}.Debug|Any CPU.ActiveCfg = Debug|Any CPU
		{BABB286D-DC2C-4A03-9E69-D9E4046FFE82}.Debug|Any CPU.Build.0 = Debug|Any CPU
		{BABB286D-DC2C-4A03-9E69-D9E4046FFE82}.Release|Any CPU.ActiveCfg = Release|Any CPU
		{BABB286D-DC2C-4A03-9E69-D9E4046FFE82}.Release|Any CPU.Build.0 = Release|Any CPU
	EndGlobalSection
	GlobalSection(SolutionProperties) = preSolution
		HideSolutionNode = FALSE
	EndGlobalSection
	GlobalSection(ExtensibilityGlobals) = postSolution
		SolutionGuid = {D01AE701-419E-41C1-8998-C8C01A5810B2}
	EndGlobalSection
EndGlobal
